
Microsoft Visual Studio Solution File, Format Version 12.00
# Visual Studio Version 16
VisualStudioVersion = 16.0.31025.218
MinimumVisualStudioVersion = 10.0.40219.1
Project("{9A19103F-16F7-4668-BE54-9A1E7A4F7556}") = "Highlighters", "Highlighters\Highlighters.csproj", "{44A0E74D-984A-475C-A6C3-209215832C04}"
EndProject
Project("{9A19103F-16F7-4668-BE54-9A1E7A4F7556}") = "Highlighters_Core", "Highlighters_Core\Highlighters_Core.csproj", "{0C4BF892-3DCE-434B-B623-ABD4E282FD90}"
EndProject
Project("{FAE04EC0-301F-11D3-BF4B-00C04F79EFBC}") = "Highlighters_Framework", "Highlighters_Framework\Highlighters_Framework.csproj", "{545ACA5F-E635-4FDA-94F9-EDB357B301D4}"
EndProject
Project("{D954291E-2A0B-460D-934E-DC6B0785DB48}") = "Shared", "Shared\Shared.shproj", "{CBBA628E-22DD-4729-ACCF-AE1B5191CAC8}"
EndProject
Project("{9A19103F-16F7-4668-BE54-9A1E7A4F7556}") = "Highlighters_Multi", "Highlighters_Multi\Highlighters_Multi.csproj", "{102DB949-5808-4454-B351-874DFEC1D28F}"
EndProject
Project("{FAE04EC0-301F-11D3-BF4B-00C04F79EFBC}") = "Wpf_Framework", "Wpf_Framework\Wpf_Framework.csproj", "{FBABC17B-C93C-4F25-9D8D-E2041E757E95}"
EndProject
Project("{9A19103F-16F7-4668-BE54-9A1E7A4F7556}") = "WinForms_Core", "WinForms_Core\WinForms_Core.csproj", "{3EE92302-DEEF-4DFF-B8E0-C10268B1312C}"
EndProject
Project("{9A19103F-16F7-4668-BE54-9A1E7A4F7556}") = "Blazor", "Blazor\Blazor.csproj", "{320EAEE0-E56D-4DA1-A4FE-51BFFFBE52A3}"
EndProject
Project("{FAE04EC0-301F-11D3-BF4B-00C04F79EFBC}") = "MVC", "MVC\MVC.csproj", "{1B9A9BD9-4FA9-4B47-8210-D6F024245725}"
EndProject
Project("{FAE04EC0-301F-11D3-BF4B-00C04F79EFBC}") = "Aspx", "Aspx\Aspx.csproj", "{7BEF4245-01A8-418C-BF99-1B920915CAF9}"
EndProject
Project("{FAE04EC0-301F-11D3-BF4B-00C04F79EFBC}") = "UnitTest", "UnitTest\UnitTest.csproj", "{625DBCFD-66D9-4C6B-A091-9FBA5A6391E7}"
EndProject
Project("{F184B08F-C81C-45F6-A57F-5ABD9991F28F}") = "VB", "VB\VB.vbproj", "{D5ACEC0A-E8FE-4D27-9D29-EAE0E2ABDB3C}"
EndProject
Project("{8BC9CEB8-8B4A-11D0-8D11-00A0C91BC942}") = "Cpp", "Cpp\Cpp.vcxproj", "{E7357925-7D87-4D06-B53B-72421A42CBBF}"
EndProject
Global
	GlobalSection(SharedMSBuildProjectFiles) = preSolution
		Shared\Shared.projitems*{0c4bf892-3dce-434b-b623-abd4e282fd90}*SharedItemsImports = 5
		Shared\Shared.projitems*{545aca5f-e635-4fda-94f9-edb357b301d4}*SharedItemsImports = 4
		Shared\Shared.projitems*{cbba628e-22dd-4729-accf-ae1b5191cac8}*SharedItemsImports = 13
	EndGlobalSection
	GlobalSection(SolutionConfigurationPlatforms) = preSolution
		Debug|Any CPU = Debug|Any CPU
		Debug|x64 = Debug|x64
		Debug|x86 = Debug|x86
		Release|Any CPU = Release|Any CPU
		Release|x64 = Release|x64
		Release|x86 = Release|x86
	EndGlobalSection
	GlobalSection(ProjectConfigurationPlatforms) = postSolution
		{44A0E74D-984A-475C-A6C3-209215832C04}.Debug|Any CPU.ActiveCfg = Debug|Any CPU
		{44A0E74D-984A-475C-A6C3-209215832C04}.Debug|Any CPU.Build.0 = Debug|Any CPU
		{44A0E74D-984A-475C-A6C3-209215832C04}.Debug|x64.ActiveCfg = Debug|Any CPU
		{44A0E74D-984A-475C-A6C3-209215832C04}.Debug|x64.Build.0 = Debug|Any CPU
		{44A0E74D-984A-475C-A6C3-209215832C04}.Debug|x86.ActiveCfg = Debug|Any CPU
		{44A0E74D-984A-475C-A6C3-209215832C04}.Debug|x86.Build.0 = Debug|Any CPU
		{44A0E74D-984A-475C-A6C3-209215832C04}.Release|Any CPU.ActiveCfg = Release|Any CPU
		{44A0E74D-984A-475C-A6C3-209215832C04}.Release|Any CPU.Build.0 = Release|Any CPU
		{44A0E74D-984A-475C-A6C3-209215832C04}.Release|x64.ActiveCfg = Release|Any CPU
		{44A0E74D-984A-475C-A6C3-209215832C04}.Release|x64.Build.0 = Release|Any CPU
		{44A0E74D-984A-475C-A6C3-209215832C04}.Release|x86.ActiveCfg = Release|Any CPU
		{44A0E74D-984A-475C-A6C3-209215832C04}.Release|x86.Build.0 = Release|Any CPU
		{0C4BF892-3DCE-434B-B623-ABD4E282FD90}.Debug|Any CPU.ActiveCfg = Debug|Any CPU
		{0C4BF892-3DCE-434B-B623-ABD4E282FD90}.Debug|Any CPU.Build.0 = Debug|Any CPU
		{0C4BF892-3DCE-434B-B623-ABD4E282FD90}.Debug|x64.ActiveCfg = Debug|Any CPU
		{0C4BF892-3DCE-434B-B623-ABD4E282FD90}.Debug|x64.Build.0 = Debug|Any CPU
		{0C4BF892-3DCE-434B-B623-ABD4E282FD90}.Debug|x86.ActiveCfg = Debug|Any CPU
		{0C4BF892-3DCE-434B-B623-ABD4E282FD90}.Debug|x86.Build.0 = Debug|Any CPU
		{0C4BF892-3DCE-434B-B623-ABD4E282FD90}.Release|Any CPU.ActiveCfg = Release|Any CPU
		{0C4BF892-3DCE-434B-B623-ABD4E282FD90}.Release|Any CPU.Build.0 = Release|Any CPU
		{0C4BF892-3DCE-434B-B623-ABD4E282FD90}.Release|x64.ActiveCfg = Release|Any CPU
		{0C4BF892-3DCE-434B-B623-ABD4E282FD90}.Release|x64.Build.0 = Release|Any CPU
		{0C4BF892-3DCE-434B-B623-ABD4E282FD90}.Release|x86.ActiveCfg = Release|Any CPU
		{0C4BF892-3DCE-434B-B623-ABD4E282FD90}.Release|x86.Build.0 = Release|Any CPU
		{545ACA5F-E635-4FDA-94F9-EDB357B301D4}.Debug|Any CPU.ActiveCfg = Debug|Any CPU
		{545ACA5F-E635-4FDA-94F9-EDB357B301D4}.Debug|Any CPU.Build.0 = Debug|Any CPU
		{545ACA5F-E635-4FDA-94F9-EDB357B301D4}.Debug|x64.ActiveCfg = Debug|Any CPU
		{545ACA5F-E635-4FDA-94F9-EDB357B301D4}.Debug|x64.Build.0 = Debug|Any CPU
		{545ACA5F-E635-4FDA-94F9-EDB357B301D4}.Debug|x86.ActiveCfg = Debug|Any CPU
		{545ACA5F-E635-4FDA-94F9-EDB357B301D4}.Debug|x86.Build.0 = Debug|Any CPU
		{545ACA5F-E635-4FDA-94F9-EDB357B301D4}.Release|Any CPU.ActiveCfg = Release|Any CPU
		{545ACA5F-E635-4FDA-94F9-EDB357B301D4}.Release|Any CPU.Build.0 = Release|Any CPU
		{545ACA5F-E635-4FDA-94F9-EDB357B301D4}.Release|x64.ActiveCfg = Release|Any CPU
		{545ACA5F-E635-4FDA-94F9-EDB357B301D4}.Release|x64.Build.0 = Release|Any CPU
		{545ACA5F-E635-4FDA-94F9-EDB357B301D4}.Release|x86.ActiveCfg = Release|Any CPU
		{545ACA5F-E635-4FDA-94F9-EDB357B301D4}.Release|x86.Build.0 = Release|Any CPU
		{102DB949-5808-4454-B351-874DFEC1D28F}.Debug|Any CPU.ActiveCfg = Debug|Any CPU
		{102DB949-5808-4454-B351-874DFEC1D28F}.Debug|Any CPU.Build.0 = Debug|Any CPU
		{102DB949-5808-4454-B351-874DFEC1D28F}.Debug|x64.ActiveCfg = Debug|Any CPU
		{102DB949-5808-4454-B351-874DFEC1D28F}.Debug|x64.Build.0 = Debug|Any CPU
		{102DB949-5808-4454-B351-874DFEC1D28F}.Debug|x86.ActiveCfg = Debug|Any CPU
		{102DB949-5808-4454-B351-874DFEC1D28F}.Debug|x86.Build.0 = Debug|Any CPU
		{102DB949-5808-4454-B351-874DFEC1D28F}.Release|Any CPU.ActiveCfg = Release|Any CPU
		{102DB949-5808-4454-B351-874DFEC1D28F}.Release|Any CPU.Build.0 = Release|Any CPU
		{102DB949-5808-4454-B351-874DFEC1D28F}.Release|x64.ActiveCfg = Release|Any CPU
		{102DB949-5808-4454-B351-874DFEC1D28F}.Release|x64.Build.0 = Release|Any CPU
		{102DB949-5808-4454-B351-874DFEC1D28F}.Release|x86.ActiveCfg = Release|Any CPU
		{102DB949-5808-4454-B351-874DFEC1D28F}.Release|x86.Build.0 = Release|Any CPU
		{FBABC17B-C93C-4F25-9D8D-E2041E757E95}.Debug|Any CPU.ActiveCfg = Debug|Any CPU
		{FBABC17B-C93C-4F25-9D8D-E2041E757E95}.Debug|Any CPU.Build.0 = Debug|Any CPU
		{FBABC17B-C93C-4F25-9D8D-E2041E757E95}.Debug|x64.ActiveCfg = Debug|Any CPU
		{FBABC17B-C93C-4F25-9D8D-E2041E757E95}.Debug|x64.Build.0 = Debug|Any CPU
		{FBABC17B-C93C-4F25-9D8D-E2041E757E95}.Debug|x86.ActiveCfg = Debug|Any CPU
		{FBABC17B-C93C-4F25-9D8D-E2041E757E95}.Debug|x86.Build.0 = Debug|Any CPU
		{FBABC17B-C93C-4F25-9D8D-E2041E757E95}.Release|Any CPU.ActiveCfg = Release|Any CPU
		{FBABC17B-C93C-4F25-9D8D-E2041E757E95}.Release|Any CPU.Build.0 = Release|Any CPU
		{FBABC17B-C93C-4F25-9D8D-E2041E757E95}.Release|x64.ActiveCfg = Release|Any CPU
		{FBABC17B-C93C-4F25-9D8D-E2041E757E95}.Release|x64.Build.0 = Release|Any CPU
		{FBABC17B-C93C-4F25-9D8D-E2041E757E95}.Release|x86.ActiveCfg = Release|Any CPU
		{FBABC17B-C93C-4F25-9D8D-E2041E757E95}.Release|x86.Build.0 = Release|Any CPU
		{3EE92302-DEEF-4DFF-B8E0-C10268B1312C}.Debug|Any CPU.ActiveCfg = Debug|Any CPU
		{3EE92302-DEEF-4DFF-B8E0-C10268B1312C}.Debug|Any CPU.Build.0 = Debug|Any CPU
		{3EE92302-DEEF-4DFF-B8E0-C10268B1312C}.Debug|x64.ActiveCfg = Debug|Any CPU
		{3EE92302-DEEF-4DFF-B8E0-C10268B1312C}.Debug|x64.Build.0 = Debug|Any CPU
		{3EE92302-DEEF-4DFF-B8E0-C10268B1312C}.Debug|x86.ActiveCfg = Debug|Any CPU
		{3EE92302-DEEF-4DFF-B8E0-C10268B1312C}.Debug|x86.Build.0 = Debug|Any CPU
		{3EE92302-DEEF-4DFF-B8E0-C10268B1312C}.Release|Any CPU.ActiveCfg = Release|Any CPU
		{3EE92302-DEEF-4DFF-B8E0-C10268B1312C}.Release|Any CPU.Build.0 = Release|Any CPU
		{3EE92302-DEEF-4DFF-B8E0-C10268B1312C}.Release|x64.ActiveCfg = Release|Any CPU
		{3EE92302-DEEF-4DFF-B8E0-C10268B1312C}.Release|x64.Build.0 = Release|Any CPU
		{3EE92302-DEEF-4DFF-B8E0-C10268B1312C}.Release|x86.ActiveCfg = Release|Any CPU
		{3EE92302-DEEF-4DFF-B8E0-C10268B1312C}.Release|x86.Build.0 = Release|Any CPU
		{320EAEE0-E56D-4DA1-A4FE-51BFFFBE52A3}.Debug|Any CPU.ActiveCfg = Debug|Any CPU
		{320EAEE0-E56D-4DA1-A4FE-51BFFFBE52A3}.Debug|Any CPU.Build.0 = Debug|Any CPU
		{320EAEE0-E56D-4DA1-A4FE-51BFFFBE52A3}.Debug|x64.ActiveCfg = Debug|Any CPU
		{320EAEE0-E56D-4DA1-A4FE-51BFFFBE52A3}.Debug|x64.Build.0 = Debug|Any CPU
		{320EAEE0-E56D-4DA1-A4FE-51BFFFBE52A3}.Debug|x86.ActiveCfg = Debug|Any CPU
		{320EAEE0-E56D-4DA1-A4FE-51BFFFBE52A3}.Debug|x86.Build.0 = Debug|Any CPU
		{320EAEE0-E56D-4DA1-A4FE-51BFFFBE52A3}.Release|Any CPU.ActiveCfg = Release|Any CPU
		{320EAEE0-E56D-4DA1-A4FE-51BFFFBE52A3}.Release|Any CPU.Build.0 = Release|Any CPU
		{320EAEE0-E56D-4DA1-A4FE-51BFFFBE52A3}.Release|x64.ActiveCfg = Release|Any CPU
		{320EAEE0-E56D-4DA1-A4FE-51BFFFBE52A3}.Release|x64.Build.0 = Release|Any CPU
		{320EAEE0-E56D-4DA1-A4FE-51BFFFBE52A3}.Release|x86.ActiveCfg = Release|Any CPU
		{320EAEE0-E56D-4DA1-A4FE-51BFFFBE52A3}.Release|x86.Build.0 = Release|Any CPU
		{1B9A9BD9-4FA9-4B47-8210-D6F024245725}.Debug|Any CPU.ActiveCfg = Debug|Any CPU
		{1B9A9BD9-4FA9-4B47-8210-D6F024245725}.Debug|Any CPU.Build.0 = Debug|Any CPU
		{1B9A9BD9-4FA9-4B47-8210-D6F024245725}.Debug|x64.ActiveCfg = Debug|Any CPU
		{1B9A9BD9-4FA9-4B47-8210-D6F024245725}.Debug|x64.Build.0 = Debug|Any CPU
		{1B9A9BD9-4FA9-4B47-8210-D6F024245725}.Debug|x86.ActiveCfg = Debug|Any CPU
		{1B9A9BD9-4FA9-4B47-8210-D6F024245725}.Debug|x86.Build.0 = Debug|Any CPU
		{1B9A9BD9-4FA9-4B47-8210-D6F024245725}.Release|Any CPU.ActiveCfg = Release|Any CPU
		{1B9A9BD9-4FA9-4B47-8210-D6F024245725}.Release|Any CPU.Build.0 = Release|Any CPU
		{1B9A9BD9-4FA9-4B47-8210-D6F024245725}.Release|x64.ActiveCfg = Release|Any CPU
		{1B9A9BD9-4FA9-4B47-8210-D6F024245725}.Release|x64.Build.0 = Release|Any CPU
		{1B9A9BD9-4FA9-4B47-8210-D6F024245725}.Release|x86.ActiveCfg = Release|Any CPU
		{1B9A9BD9-4FA9-4B47-8210-D6F024245725}.Release|x86.Build.0 = Release|Any CPU
		{7BEF4245-01A8-418C-BF99-1B920915CAF9}.Debug|Any CPU.ActiveCfg = Debug|Any CPU
		{7BEF4245-01A8-418C-BF99-1B920915CAF9}.Debug|Any CPU.Build.0 = Debug|Any CPU
		{7BEF4245-01A8-418C-BF99-1B920915CAF9}.Debug|x64.ActiveCfg = Debug|Any CPU
		{7BEF4245-01A8-418C-BF99-1B920915CAF9}.Debug|x64.Build.0 = Debug|Any CPU
		{7BEF4245-01A8-418C-BF99-1B920915CAF9}.Debug|x86.ActiveCfg = Debug|Any CPU
		{7BEF4245-01A8-418C-BF99-1B920915CAF9}.Debug|x86.Build.0 = Debug|Any CPU
		{7BEF4245-01A8-418C-BF99-1B920915CAF9}.Release|Any CPU.ActiveCfg = Release|Any CPU
		{7BEF4245-01A8-418C-BF99-1B920915CAF9}.Release|Any CPU.Build.0 = Release|Any CPU
		{7BEF4245-01A8-418C-BF99-1B920915CAF9}.Release|x64.ActiveCfg = Release|Any CPU
		{7BEF4245-01A8-418C-BF99-1B920915CAF9}.Release|x64.Build.0 = Release|Any CPU
		{7BEF4245-01A8-418C-BF99-1B920915CAF9}.Release|x86.ActiveCfg = Release|Any CPU
		{7BEF4245-01A8-418C-BF99-1B920915CAF9}.Release|x86.Build.0 = Release|Any CPU
		{625DBCFD-66D9-4C6B-A091-9FBA5A6391E7}.Debug|Any CPU.ActiveCfg = Debug|Any CPU
		{625DBCFD-66D9-4C6B-A091-9FBA5A6391E7}.Debug|Any CPU.Build.0 = Debug|Any CPU
		{625DBCFD-66D9-4C6B-A091-9FBA5A6391E7}.Debug|x64.ActiveCfg = Debug|Any CPU
		{625DBCFD-66D9-4C6B-A091-9FBA5A6391E7}.Debug|x64.Build.0 = Debug|Any CPU
		{625DBCFD-66D9-4C6B-A091-9FBA5A6391E7}.Debug|x86.ActiveCfg = Debug|Any CPU
		{625DBCFD-66D9-4C6B-A091-9FBA5A6391E7}.Debug|x86.Build.0 = Debug|Any CPU
		{625DBCFD-66D9-4C6B-A091-9FBA5A6391E7}.Release|Any CPU.ActiveCfg = Release|Any CPU
		{625DBCFD-66D9-4C6B-A091-9FBA5A6391E7}.Release|Any CPU.Build.0 = Release|Any CPU
		{625DBCFD-66D9-4C6B-A091-9FBA5A6391E7}.Release|x64.ActiveCfg = Release|Any CPU
		{625DBCFD-66D9-4C6B-A091-9FBA5A6391E7}.Release|x64.Build.0 = Release|Any CPU
		{625DBCFD-66D9-4C6B-A091-9FBA5A6391E7}.Release|x86.ActiveCfg = Release|Any CPU
		{625DBCFD-66D9-4C6B-A091-9FBA5A6391E7}.Release|x86.Build.0 = Release|Any CPU
		{D5ACEC0A-E8FE-4D27-9D29-EAE0E2ABDB3C}.Debug|Any CPU.ActiveCfg = Debug|Any CPU
		{D5ACEC0A-E8FE-4D27-9D29-EAE0E2ABDB3C}.Debug|Any CPU.Build.0 = Debug|Any CPU
		{D5ACEC0A-E8FE-4D27-9D29-EAE0E2ABDB3C}.Debug|x64.ActiveCfg = Debug|Any CPU
		{D5ACEC0A-E8FE-4D27-9D29-EAE0E2ABDB3C}.Debug|x64.Build.0 = Debug|Any CPU
		{D5ACEC0A-E8FE-4D27-9D29-EAE0E2ABDB3C}.Debug|x86.ActiveCfg = Debug|Any CPU
		{D5ACEC0A-E8FE-4D27-9D29-EAE0E2ABDB3C}.Debug|x86.Build.0 = Debug|Any CPU
		{D5ACEC0A-E8FE-4D27-9D29-EAE0E2ABDB3C}.Release|Any CPU.ActiveCfg = Release|Any CPU
		{D5ACEC0A-E8FE-4D27-9D29-EAE0E2ABDB3C}.Release|Any CPU.Build.0 = Release|Any CPU
		{D5ACEC0A-E8FE-4D27-9D29-EAE0E2ABDB3C}.Release|x64.ActiveCfg = Release|Any CPU
		{D5ACEC0A-E8FE-4D27-9D29-EAE0E2ABDB3C}.Release|x64.Build.0 = Release|Any CPU
		{D5ACEC0A-E8FE-4D27-9D29-EAE0E2ABDB3C}.Release|x86.ActiveCfg = Release|Any CPU
		{D5ACEC0A-E8FE-4D27-9D29-EAE0E2ABDB3C}.Release|x86.Build.0 = Release|Any CPU
		{E7357925-7D87-4D06-B53B-72421A42CBBF}.Debug|Any CPU.ActiveCfg = Debug|Win32
		{E7357925-7D87-4D06-B53B-72421A42CBBF}.Debug|x64.ActiveCfg = Debug|x64
		{E7357925-7D87-4D06-B53B-72421A42CBBF}.Debug|x64.Build.0 = Debug|x64
		{E7357925-7D87-4D06-B53B-72421A42CBBF}.Debug|x86.ActiveCfg = Debug|Win32
		{E7357925-7D87-4D06-B53B-72421A42CBBF}.Debug|x86.Build.0 = Debug|Win32
		{E7357925-7D87-4D06-B53B-72421A42CBBF}.Release|Any CPU.ActiveCfg = Release|Win32
		{E7357925-7D87-4D06-B53B-72421A42CBBF}.Release|x64.ActiveCfg = Release|x64
		{E7357925-7D87-4D06-B53B-72421A42CBBF}.Release|x64.Build.0 = Release|x64
		{E7357925-7D87-4D06-B53B-72421A42CBBF}.Release|x86.ActiveCfg = Release|Win32
		{E7357925-7D87-4D06-B53B-72421A42CBBF}.Release|x86.Build.0 = Release|Win32
	EndGlobalSection
	GlobalSection(SolutionProperties) = preSolution
		HideSolutionNode = FALSE
	EndGlobalSection
	GlobalSection(ExtensibilityGlobals) = postSolution
		SolutionGuid = {F9AC766E-673D-4A36-95AB-548AFE67F5BB}
	EndGlobalSection
EndGlobal
